
Microsoft Visual Studio Solution File, Format Version 12.00
# Visual Studio 14
VisualStudioVersion = 14.0.23107.0
MinimumVisualStudioVersion = 10.0.40219.1
Project("{FAE04EC0-301F-11D3-BF4B-00C04F79EFBC}") = "Particular.CodeRules", "Particular.CodeRules\Particular.CodeRules.csproj", "{3DEB4013-558D-4711-8622-E31CA878660D}"
EndProject
Global
	GlobalSection(SolutionConfigurationPlatforms) = preSolution
		Debug|Any CPU = Debug|Any CPU
		Release|Any CPU = Release|Any CPU
	EndGlobalSection
	GlobalSection(ProjectConfigurationPlatforms) = postSolution
		{3DEB4013-558D-4711-8622-E31CA878660D}.Debug|Any CPU.ActiveCfg = Debug|Any CPU
		{3DEB4013-558D-4711-8622-E31CA878660D}.Debug|Any CPU.Build.0 = Debug|Any CPU
		{3DEB4013-558D-4711-8622-E31CA878660D}.Release|Any CPU.ActiveCfg = Release|Any CPU
		{3DEB4013-558D-4711-8622-E31CA878660D}.Release|Any CPU.Build.0 = Release|Any CPU
	EndGlobalSection
	GlobalSection(SolutionProperties) = preSolution
		HideSolutionNode = FALSE
	EndGlobalSection
EndGlobal
