<Solution>
  <Folder Name="/Solution Items/">
    <File Path="..\global.json" />
    <File Path="Custom.Build.props" />
  </Folder>
  <Project Path="Particular.Analyzers.Tests/Particular.Analyzers.Tests.csproj" />
  <Project Path="Particular.Analyzers/Particular.Analyzers.csproj" />
  <Project Path="Particular.AnalyzerTesting/Particular.AnalyzerTesting.csproj" />
</Solution>
